Microsoft Visual Studio Solution File, Format Version 8.00
Project("{8BC9CEB8-8B4A-11D0-8D11-00A0C91BC942}") = "curllib", "curl-7.19.7\lib\curllib.vcproj", "{429A304A-C1DA-43D6-9704-35BB82BAF43C}"
	ProjectSection(ProjectDependencies) = postProject
		{E2A55138-9CEC-4D0B-9D35-C0FFBF36AFDF} = {E2A55138-9CEC-4D0B-9D35-C0FFBF36AFDF}
	EndProjectSection
EndProject
Project("{8BC9CEB8-8B4A-11D0-8D11-00A0C91BC942}") = "polarssl", "..\polarssl\visualc\polarssl.vcproj", "{E2A55138-9CEC-4D0B-9D35-C0FFBF36AFDF}"
	ProjectSection(ProjectDependencies) = postProject
	EndProjectSection
EndProject
Global
	GlobalSection(SolutionConfiguration) = preSolution
		Debug Win32 = Debug Win32
		Debug Xbox = Debug Xbox
		DLL Debug = DLL Debug
		DLL Release = DLL Release
		LIB Debug = LIB Debug
		LIB Release = LIB Release
		Profile Win32 = Profile Win32
		Profile Xbox = Profile Xbox
		Profile_FastCap Win32 = Profile_FastCap Win32
		Profile_FastCap Xbox = Profile_FastCap Xbox
		Release Win32 = Release Win32
		Release Xbox = Release Xbox
		Release_LTCG Win32 = Release_LTCG Win32
		Release_LTCG Xbox = Release_LTCG Xbox
	EndGlobalSection
	GlobalSection(ProjectConfiguration) = postSolution
		{429A304A-C1DA-43D6-9704-35BB82BAF43C}.Debug Win32.ActiveCfg = DLL Debug|Win32
		{429A304A-C1DA-43D6-9704-35BB82BAF43C}.Debug Win32.Build.0 = DLL Debug|Win32
		{429A304A-C1DA-43D6-9704-35BB82BAF43C}.Debug Xbox.ActiveCfg = DLL Debug|Win32
		{429A304A-C1DA-43D6-9704-35BB82BAF43C}.Debug Xbox.Build.0 = DLL Debug|Win32
		{429A304A-C1DA-43D6-9704-35BB82BAF43C}.DLL Debug.ActiveCfg = DLL Debug|Win32
		{429A304A-C1DA-43D6-9704-35BB82BAF43C}.DLL Debug.Build.0 = DLL Debug|Win32
		{429A304A-C1DA-43D6-9704-35BB82BAF43C}.DLL Release.ActiveCfg = DLL Release|Win32
		{429A304A-C1DA-43D6-9704-35BB82BAF43C}.DLL Release.Build.0 = DLL Release|Win32
		{429A304A-C1DA-43D6-9704-35BB82BAF43C}.LIB Debug.ActiveCfg = LIB Debug|Win32
		{429A304A-C1DA-43D6-9704-35BB82BAF43C}.LIB Debug.Build.0 = LIB Debug|Win32
		{429A304A-C1DA-43D6-9704-35BB82BAF43C}.LIB Release.ActiveCfg = LIB Release|Win32
		{429A304A-C1DA-43D6-9704-35BB82BAF43C}.LIB Release.Build.0 = LIB Release|Win32
		{429A304A-C1DA-43D6-9704-35BB82BAF43C}.Profile Win32.ActiveCfg = DLL Debug|Win32
		{429A304A-C1DA-43D6-9704-35BB82BAF43C}.Profile Win32.Build.0 = DLL Debug|Win32
		{429A304A-C1DA-43D6-9704-35BB82BAF43C}.Profile Xbox.ActiveCfg = DLL Debug|Win32
		{429A304A-C1DA-43D6-9704-35BB82BAF43C}.Profile Xbox.Build.0 = DLL Debug|Win32
		{429A304A-C1DA-43D6-9704-35BB82BAF43C}.Profile_FastCap Win32.ActiveCfg = DLL Debug|Win32
		{429A304A-C1DA-43D6-9704-35BB82BAF43C}.Profile_FastCap Win32.Build.0 = DLL Debug|Win32
		{429A304A-C1DA-43D6-9704-35BB82BAF43C}.Profile_FastCap Xbox.ActiveCfg = DLL Debug|Win32
		{429A304A-C1DA-43D6-9704-35BB82BAF43C}.Profile_FastCap Xbox.Build.0 = DLL Debug|Win32
		{429A304A-C1DA-43D6-9704-35BB82BAF43C}.Release Win32.ActiveCfg = LIB Release|Win32
		{429A304A-C1DA-43D6-9704-35BB82BAF43C}.Release Win32.Build.0 = LIB Release|Win32
		{429A304A-C1DA-43D6-9704-35BB82BAF43C}.Release Xbox.ActiveCfg = DLL Debug|Win32
		{429A304A-C1DA-43D6-9704-35BB82BAF43C}.Release Xbox.Build.0 = DLL Debug|Win32
		{429A304A-C1DA-43D6-9704-35BB82BAF43C}.Release_LTCG Win32.ActiveCfg = DLL Debug|Win32
		{429A304A-C1DA-43D6-9704-35BB82BAF43C}.Release_LTCG Win32.Build.0 = DLL Debug|Win32
		{429A304A-C1DA-43D6-9704-35BB82BAF43C}.Release_LTCG Xbox.ActiveCfg = DLL Debug|Win32
		{429A304A-C1DA-43D6-9704-35BB82BAF43C}.Release_LTCG Xbox.Build.0 = DLL Debug|Win32
		{E2A55138-9CEC-4D0B-9D35-C0FFBF36AFDF}.Debug Win32.ActiveCfg = Debug|Win32
		{E2A55138-9CEC-4D0B-9D35-C0FFBF36AFDF}.Debug Win32.Build.0 = Debug|Win32
		{E2A55138-9CEC-4D0B-9D35-C0FFBF36AFDF}.Debug Xbox.ActiveCfg = Debug|Xbox
		{E2A55138-9CEC-4D0B-9D35-C0FFBF36AFDF}.Debug Xbox.Build.0 = Debug|Xbox
		{E2A55138-9CEC-4D0B-9D35-C0FFBF36AFDF}.DLL Debug.ActiveCfg = Debug|Win32
		{E2A55138-9CEC-4D0B-9D35-C0FFBF36AFDF}.DLL Debug.Build.0 = Debug|Win32
		{E2A55138-9CEC-4D0B-9D35-C0FFBF36AFDF}.DLL Release.ActiveCfg = Release|Win32
		{E2A55138-9CEC-4D0B-9D35-C0FFBF36AFDF}.DLL Release.Build.0 = Release|Win32
		{E2A55138-9CEC-4D0B-9D35-C0FFBF36AFDF}.LIB Debug.ActiveCfg = Debug|Win32
		{E2A55138-9CEC-4D0B-9D35-C0FFBF36AFDF}.LIB Debug.Build.0 = Debug|Win32
		{E2A55138-9CEC-4D0B-9D35-C0FFBF36AFDF}.LIB Release.ActiveCfg = Release|Win32
		{E2A55138-9CEC-4D0B-9D35-C0FFBF36AFDF}.LIB Release.Build.0 = Release|Win32
		{E2A55138-9CEC-4D0B-9D35-C0FFBF36AFDF}.Profile Win32.ActiveCfg = Profile|Win32
		{E2A55138-9CEC-4D0B-9D35-C0FFBF36AFDF}.Profile Win32.Build.0 = Profile|Win32
		{E2A55138-9CEC-4D0B-9D35-C0FFBF36AFDF}.Profile Xbox.ActiveCfg = Profile|Xbox
		{E2A55138-9CEC-4D0B-9D35-C0FFBF36AFDF}.Profile Xbox.Build.0 = Profile|Xbox
		{E2A55138-9CEC-4D0B-9D35-C0FFBF36AFDF}.Profile_FastCap Win32.ActiveCfg = Profile_FastCap|Win32
		{E2A55138-9CEC-4D0B-9D35-C0FFBF36AFDF}.Profile_FastCap Win32.Build.0 = Profile_FastCap|Win32
		{E2A55138-9CEC-4D0B-9D35-C0FFBF36AFDF}.Profile_FastCap Xbox.ActiveCfg = Profile_FastCap|Xbox
		{E2A55138-9CEC-4D0B-9D35-C0FFBF36AFDF}.Profile_FastCap Xbox.Build.0 = Profile_FastCap|Xbox
		{E2A55138-9CEC-4D0B-9D35-C0FFBF36AFDF}.Release Win32.ActiveCfg = Release|Win32
		{E2A55138-9CEC-4D0B-9D35-C0FFBF36AFDF}.Release Win32.Build.0 = Release|Win32
		{E2A55138-9CEC-4D0B-9D35-C0FFBF36AFDF}.Release Xbox.ActiveCfg = Release|Xbox
		{E2A55138-9CEC-4D0B-9D35-C0FFBF36AFDF}.Release Xbox.Build.0 = Release|Xbox
		{E2A55138-9CEC-4D0B-9D35-C0FFBF36AFDF}.Release_LTCG Win32.ActiveCfg = Release_LTCG|Win32
		{E2A55138-9CEC-4D0B-9D35-C0FFBF36AFDF}.Release_LTCG Win32.Build.0 = Release_LTCG|Win32
		{E2A55138-9CEC-4D0B-9D35-C0FFBF36AFDF}.Release_LTCG Xbox.ActiveCfg = Release_LTCG|Xbox
		{E2A55138-9CEC-4D0B-9D35-C0FFBF36AFDF}.Release_LTCG Xbox.Build.0 = Release_LTCG|Xbox
	EndGlobalSection
	GlobalSection(ExtensibilityGlobals) = postSolution
	EndGlobalSection
	GlobalSection(ExtensibilityAddIns) = postSolution
	EndGlobalSection
EndGlobal
